
Microsoft Visual Studio Solution File, Format Version 12.00
# Visual Studio Version 16
VisualStudioVersion = 16.0.32901.82
MinimumVisualStudioVersion = 10.0.40219.1
Project("{888888A0-9F3D-457C-B088-3A5042F75D52}") = "Game of life", "Game of life\Game of life.pyproj", "{CEA776F9-CDFE-4EB2-AF2E-56BDA7488BAC}"
EndProject
Global
	GlobalSection(SolutionConfigurationPlatforms) = preSolution
		Debug|Any CPU = Debug|Any CPU
		Release|Any CPU = Release|Any CPU
	EndGlobalSection
	GlobalSection(ProjectConfigurationPlatforms) = postSolution
		{CEA776F9-CDFE-4EB2-AF2E-56BDA7488BAC}.Debug|Any CPU.ActiveCfg = Debug|Any CPU
		{CEA776F9-CDFE-4EB2-AF2E-56BDA7488BAC}.Release|Any CPU.ActiveCfg = Release|Any CPU
	EndGlobalSection
	GlobalSection(SolutionProperties) = preSolution
		HideSolutionNode = FALSE
	EndGlobalSection
	GlobalSection(ExtensibilityGlobals) = postSolution
		SolutionGuid = {E2FB798A-8EA8-474F-A51B-DC9B0B20DD45}
	EndGlobalSection
EndGlobal
